
Microsoft Visual Studio Solution File, Format Version 12.00
# Visual Studio Version 17
VisualStudioVersion = 17.5.33414.496
MinimumVisualStudioVersion = 10.0.40219.1
Project("{FAE04EC0-301F-11D3-BF4B-00C04F79EFBC}") = "Frac", "Frac.csproj", "{E564E141-F5D5-46D1-B2F1-EDFE1A485FA8}"
EndProject
Global
	GlobalSection(SolutionConfigurationPlatforms) = preSolution
		Debug|Any CPU = Debug|Any CPU
		Release|Any CPU = Release|Any CPU
	EndGlobalSection
	GlobalSection(ProjectConfigurationPlatforms) = postSolution
		{E564E141-F5D5-46D1-B2F1-EDFE1A485FA8}.Debug|Any CPU.ActiveCfg = Debug|Any CPU
		{E564E141-F5D5-46D1-B2F1-EDFE1A485FA8}.Debug|Any CPU.Build.0 = Debug|Any CPU
		{E564E141-F5D5-46D1-B2F1-EDFE1A485FA8}.Release|Any CPU.ActiveCfg = Release|Any CPU
		{E564E141-F5D5-46D1-B2F1-EDFE1A485FA8}.Release|Any CPU.Build.0 = Release|Any CPU
	EndGlobalSection
	GlobalSection(SolutionProperties) = preSolution
		HideSolutionNode = FALSE
	EndGlobalSection
	GlobalSection(ExtensibilityGlobals) = postSolution
		SolutionGuid = {8E96FFEF-AE18-47EB-BFE9-144024825051}
	EndGlobalSection
EndGlobal
