
Microsoft Visual Studio Solution File, Format Version 12.00
# Visual Studio Version 17
VisualStudioVersion = 17.9.34607.119
MinimumVisualStudioVersion = 10.0.40219.1
Project("{FAE04EC0-301F-11D3-BF4B-00C04F79EFBC}") = "LD3_10_MKuliesius", "LD3_10_MKuliesius.csproj", "{996229DF-B6E0-43CE-B6F2-F4A8DA55F6A6}"
EndProject
Project("{FAE04EC0-301F-11D3-BF4B-00C04F79EFBC}") = "LD3_10_MKuliesius.UnitTest", "..\LD3_10_MKuliesius.UnitTest\LD3_10_MKuliesius.UnitTest.csproj", "{043A0F1E-4076-4DA5-8105-A6FA1DA6B184}"
EndProject
Global
	GlobalSection(SolutionConfigurationPlatforms) = preSolution
		Debug|Any CPU = Debug|Any CPU
		Release|Any CPU = Release|Any CPU
	EndGlobalSection
	GlobalSection(ProjectConfigurationPlatforms) = postSolution
		{996229DF-B6E0-43CE-B6F2-F4A8DA55F6A6}.Debug|Any CPU.ActiveCfg = Debug|Any CPU
		{996229DF-B6E0-43CE-B6F2-F4A8DA55F6A6}.Debug|Any CPU.Build.0 = Debug|Any CPU
		{996229DF-B6E0-43CE-B6F2-F4A8DA55F6A6}.Release|Any CPU.ActiveCfg = Release|Any CPU
		{996229DF-B6E0-43CE-B6F2-F4A8DA55F6A6}.Release|Any CPU.Build.0 = Release|Any CPU
		{043A0F1E-4076-4DA5-8105-A6FA1DA6B184}.Debug|Any CPU.ActiveCfg = Debug|Any CPU
		{043A0F1E-4076-4DA5-8105-A6FA1DA6B184}.Debug|Any CPU.Build.0 = Debug|Any CPU
		{043A0F1E-4076-4DA5-8105-A6FA1DA6B184}.Release|Any CPU.ActiveCfg = Release|Any CPU
		{043A0F1E-4076-4DA5-8105-A6FA1DA6B184}.Release|Any CPU.Build.0 = Release|Any CPU
	EndGlobalSection
	GlobalSection(SolutionProperties) = preSolution
		HideSolutionNode = FALSE
	EndGlobalSection
	GlobalSection(ExtensibilityGlobals) = postSolution
		SolutionGuid = {01A8F2E7-ED36-44A7-89A9-3E30E6DAE0AB}
	EndGlobalSection
EndGlobal
