
Microsoft Visual Studio Solution File, Format Version 12.00
# Visual Studio Version 17
VisualStudioVersion = 17.9.34607.119
MinimumVisualStudioVersion = 10.0.40219.1
Project("{FAE04EC0-301F-11D3-BF4B-00C04F79EFBC}") = "AntrasWeb", "AntrasWeb.csproj", "{472ACDAF-A6CC-40AD-8CC5-CB9117607BF0}"
EndProject
Global
	GlobalSection(SolutionConfigurationPlatforms) = preSolution
		Debug|Any CPU = Debug|Any CPU
		Release|Any CPU = Release|Any CPU
	EndGlobalSection
	GlobalSection(ProjectConfigurationPlatforms) = postSolution
		{472ACDAF-A6CC-40AD-8CC5-CB9117607BF0}.Debug|Any CPU.ActiveCfg = Debug|Any CPU
		{472ACDAF-A6CC-40AD-8CC5-CB9117607BF0}.Debug|Any CPU.Build.0 = Debug|Any CPU
		{472ACDAF-A6CC-40AD-8CC5-CB9117607BF0}.Release|Any CPU.ActiveCfg = Release|Any CPU
		{472ACDAF-A6CC-40AD-8CC5-CB9117607BF0}.Release|Any CPU.Build.0 = Release|Any CPU
	EndGlobalSection
	GlobalSection(SolutionProperties) = preSolution
		HideSolutionNode = FALSE
	EndGlobalSection
	GlobalSection(ExtensibilityGlobals) = postSolution
		SolutionGuid = {10B4D7D0-8DB7-445D-96C9-F8EE0062C09D}
	EndGlobalSection
EndGlobal
