
Microsoft Visual Studio Solution File, Format Version 12.00
# Visual Studio Version 16
VisualStudioVersion = 16.0.32002.261
MinimumVisualStudioVersion = 10.0.40219.1
Project("{FAE04EC0-301F-11D3-BF4B-00C04F79EFBC}") = "Laikymas", "Laikymas.csproj", "{B37B55F7-90B6-49E6-B9E0-E4F78BA112DE}"
EndProject
Global
	GlobalSection(SolutionConfigurationPlatforms) = preSolution
		Debug|Any CPU = Debug|Any CPU
		Release|Any CPU = Release|Any CPU
	EndGlobalSection
	GlobalSection(ProjectConfigurationPlatforms) = postSolution
		{B37B55F7-90B6-49E6-B9E0-E4F78BA112DE}.Debug|Any CPU.ActiveCfg = Debug|Any CPU
		{B37B55F7-90B6-49E6-B9E0-E4F78BA112DE}.Debug|Any CPU.Build.0 = Debug|Any CPU
		{B37B55F7-90B6-49E6-B9E0-E4F78BA112DE}.Release|Any CPU.ActiveCfg = Release|Any CPU
		{B37B55F7-90B6-49E6-B9E0-E4F78BA112DE}.Release|Any CPU.Build.0 = Release|Any CPU
	EndGlobalSection
	GlobalSection(SolutionProperties) = preSolution
		HideSolutionNode = FALSE
	EndGlobalSection
	GlobalSection(ExtensibilityGlobals) = postSolution
		SolutionGuid = {E69FFAC2-E6A3-43CD-865A-5F59E4E140F9}
	EndGlobalSection
EndGlobal
