
Microsoft Visual Studio Solution File, Format Version 12.00
# Visual Studio Version 17
VisualStudioVersion = 17.2.32526.322
MinimumVisualStudioVersion = 10.0.40219.1
Project("{FAE04EC0-301F-11D3-BF4B-00C04F79EFBC}") = "UZD", "UZD\UZD.csproj", "{2D670DAA-9184-4A29-8DA2-FA521382FBE3}"
EndProject
Global
	GlobalSection(SolutionConfigurationPlatforms) = preSolution
		Debug|Any CPU = Debug|Any CPU
		Release|Any CPU = Release|Any CPU
	EndGlobalSection
	GlobalSection(ProjectConfigurationPlatforms) = postSolution
		{2D670DAA-9184-4A29-8DA2-FA521382FBE3}.Debug|Any CPU.ActiveCfg = Debug|Any CPU
		{2D670DAA-9184-4A29-8DA2-FA521382FBE3}.Debug|Any CPU.Build.0 = Debug|Any CPU
		{2D670DAA-9184-4A29-8DA2-FA521382FBE3}.Release|Any CPU.ActiveCfg = Release|Any CPU
		{2D670DAA-9184-4A29-8DA2-FA521382FBE3}.Release|Any CPU.Build.0 = Release|Any CPU
	EndGlobalSection
	GlobalSection(SolutionProperties) = preSolution
		HideSolutionNode = FALSE
	EndGlobalSection
	GlobalSection(ExtensibilityGlobals) = postSolution
		SolutionGuid = {5E4CE9A6-7832-4DB9-8281-EF767991FE69}
	EndGlobalSection
EndGlobal
